// !$*UTF8*$!
{
	archiveVersion = 1;
	classes = {
	};
	objectVersion = 56;
	objects = {

/* Begin PBXBuildFile section */
		AA2900E3298909F2004C71E1 /* AppDelegate.swift in Sources */ = {isa = PBXBuildFile; fileRef = AA2900E2298909F2004C71E1 /* AppDelegate.swift */; };
		AA2900E5298909F2004C71E1 /* SceneDelegate.swift in Sources */ = {isa = PBXBuildFile; fileRef = AA2900E4298909F2004C71E1 /* SceneDelegate.swift */; };
		AA2900E7298909F2004C71E1 /* ViewController.swift in Sources */ = {isa = PBXBuildFile; fileRef = AA2900E6298909F2004C71E1 /* ViewController.swift */; };
		AA2900EA298909F2004C71E1 /* Main.storyboard in Resources */ = {isa = PBXBuildFile; fileRef = AA2900E8298909F2004C71E1 /* Main.storyboard */; };
		AA2900EC298909F6004C71E1 /* Assets.xcassets in Resources */ = {isa = PBXBuildFile; fileRef = AA2900EB298909F6004C71E1 /* Assets.xcassets */; };
		AA2900EF298909F6004C71E1 /* LaunchScreen.storyboard in Resources */ = {isa = PBXBuildFile; fileRef = AA2900ED298909F6004C71E1 /* LaunchScreen.storyboard */; };
		AA2900F829890A04004C71E1 /* OpenAISwift in Frameworks */ = {isa = PBXBuildFile; productRef = AA2900F729890A04004C71E1 /* OpenAISwift */; };
		AA2900FA29890A13004C71E1 /* APICaller.swift in Sources */ = {isa = PBXBuildFile; fileRef = AA2900F929890A13004C71E1 /* APICaller.swift */; };
		AA2900FC29890D0C004C71E1 /* AIViewModel.swift in Sources */ = {isa = PBXBuildFile; fileRef = AA2900FB29890D0C004C71E1 /* AIViewModel.swift */; };
		AA2900FE29890D28004C71E1 /* LiveData.swift in Sources */ = {isa = PBXBuildFile; fileRef = AA2900FD29890D28004C71E1 /* LiveData.swift */; };
		AA29010129896828004C71E1 /* ProgressHUD in Frameworks */ = {isa = PBXBuildFile; productRef = AA29010029896828004C71E1 /* ProgressHUD */; };
		AAE04864298F81B200BC5648 /* Conversation.swift in Sources */ = {isa = PBXBuildFile; fileRef = AAE04863298F81B200BC5648 /* Conversation.swift */; };
/* End PBXBuildFile section */

/* Begin PBXFileReference section */
		AA2900DF298909F2004C71E1 /* openAiChat.app */ = {isa = PBXFileReference; explicitFileType = wrapper.application; includeInIndex = 0; path = openAiChat.app; sourceTree = BUILT_PRODUCTS_DIR; };
		AA2900E2298909F2004C71E1 /* AppDelegate.swift */ = {isa = PBXFileReference; lastKnownFileType = sourcecode.swift; path = AppDelegate.swift; sourceTree = "<group>"; };
		AA2900E4298909F2004C71E1 /* SceneDelegate.swift */ = {isa = PBXFileReference; lastKnownFileType = sourcecode.swift; path = SceneDelegate.swift; sourceTree = "<group>"; };
		AA2900E6298909F2004C71E1 /* ViewController.swift */ = {isa = PBXFileReference; lastKnownFileType = sourcecode.swift; path = ViewController.swift; sourceTree = "<group>"; };
		AA2900E9298909F2004C71E1 /* Base */ = {isa = PBXFileReference; lastKnownFileType = file.storyboard; name = Base; path = Base.lproj/Main.storyboard; sourceTree = "<group>"; };
		AA2900EB298909F6004C71E1 /* Assets.xcassets */ = {isa = PBXFileReference; lastKnownFileType = folder.assetcatalog; path = Assets.xcassets; sourceTree = "<group>"; };
		AA2900EE298909F6004C71E1 /* Base */ = {isa = PBXFileReference; lastKnownFileType = file.storyboard; name = Base; path = Base.lproj/LaunchScreen.storyboard; sourceTree = "<group>"; };
		AA2900F0298909F6004C71E1 /* Info.plist */ = {isa = PBXFileReference; lastKnownFileType = text.plist.xml; path = Info.plist; sourceTree = "<group>"; };
		AA2900F929890A13004C71E1 /* APICaller.swift */ = {isa = PBXFileReference; lastKnownFileType = sourcecode.swift; path = APICaller.swift; sourceTree = "<group>"; };
		AA2900FB29890D0C004C71E1 /* AIViewModel.swift */ = {isa = PBXFileReference; lastKnownFileType = sourcecode.swift; path = AIViewModel.swift; sourceTree = "<group>"; };
		AA2900FD29890D28004C71E1 /* LiveData.swift */ = {isa = PBXFileReference; lastKnownFileType = sourcecode.swift; path = LiveData.swift; sourceTree = "<group>"; };
		AAE04863298F81B200BC5648 /* Conversation.swift */ = {isa = PBXFileReference; lastKnownFileType = sourcecode.swift; path = Conversation.swift; sourceTree = "<group>"; };
/* End PBXFileReference section */

/* Begin PBXFrameworksBuildPhase section */
		AA2900DC298909F2004C71E1 /* Frameworks */ = {
			isa = PBXFrameworksBuildPhase;
			buildActionMask = 2147483647;
			files = (
				AA2900F829890A04004C71E1 /* OpenAISwift in Frameworks */,
				AA29010129896828004C71E1 /* ProgressHUD in Frameworks */,
			);
			runOnlyForDeploymentPostprocessing = 0;
		};
/* End PBXFrameworksBuildPhase section */

/* Begin PBXGroup section */
		AA23018C299124B6005362DA /* Service */ = {
			isa = PBXGroup;
			children = (
				AA2900FD29890D28004C71E1 /* LiveData.swift */,
				AA2900F929890A13004C71E1 /* APICaller.swift */,
			);
			path = Service;
			sourceTree = "<group>";
		};
		AA2900D6298909F2004C71E1 = {
			isa = PBXGroup;
			children = (
				AA2900E1298909F2004C71E1 /* openAiChat */,
				AA2900E0298909F2004C71E1 /* Products */,
			);
			sourceTree = "<group>";
		};
		AA2900E0298909F2004C71E1 /* Products */ = {
			isa = PBXGroup;
			children = (
				AA2900DF298909F2004C71E1 /* openAiChat.app */,
			);
			name = Products;
			sourceTree = "<group>";
		};
		AA2900E1298909F2004C71E1 /* openAiChat */ = {
			isa = PBXGroup;
			children = (
				AA23018C299124B6005362DA /* Service */,
				AA2900E2298909F2004C71E1 /* AppDelegate.swift */,
				AA2900E4298909F2004C71E1 /* SceneDelegate.swift */,
				AA2900E6298909F2004C71E1 /* ViewController.swift */,
				AAE04863298F81B200BC5648 /* Conversation.swift */,
				AA2900FB29890D0C004C71E1 /* AIViewModel.swift */,
				AA2900E8298909F2004C71E1 /* Main.storyboard */,
				AA2900EB298909F6004C71E1 /* Assets.xcassets */,
				AA2900ED298909F6004C71E1 /* LaunchScreen.storyboard */,
				AA2900F0298909F6004C71E1 /* Info.plist */,
			);
			path = openAiChat;
			sourceTree = "<group>";
		};
/* End PBXGroup section */

/* Begin PBXNativeTarget section */
		AA2900DE298909F2004C71E1 /* openAiChat */ = {
			isa = PBXNativeTarget;
			buildConfigurationList = AA2900F3298909F6004C71E1 /* Build configuration list for PBXNativeTarget "openAiChat" */;
			buildPhases = (
				AA2900DB298909F2004C71E1 /* Sources */,
				AA2900DC298909F2004C71E1 /* Frameworks */,
				AA2900DD298909F2004C71E1 /* Resources */,
			);
			buildRules = (
			);
			dependencies = (
			);
			name = openAiChat;
			packageProductDependencies = (
				AA2900F729890A04004C71E1 /* OpenAISwift */,
				AA29010029896828004C71E1 /* ProgressHUD */,
			);
			productName = openAiChat;
			productReference = AA2900DF298909F2004C71E1 /* openAiChat.app */;
			productType = "com.apple.product-type.application";
		};
/* End PBXNativeTarget section */

/* Begin PBXProject section */
		AA2900D7298909F2004C71E1 /* Project object */ = {
			isa = PBXProject;
			attributes = {
				BuildIndependentTargetsInParallel = 1;
				LastSwiftUpdateCheck = 1410;
				LastUpgradeCheck = 1410;
				TargetAttributes = {
					AA2900DE298909F2004C71E1 = {
						CreatedOnToolsVersion = 14.1;
					};
				};
			};
			buildConfigurationList = AA2900DA298909F2004C71E1 /* Build configuration list for PBXProject "openAiChat" */;
			compatibilityVersion = "Xcode 14.0";
			developmentRegion = en;
			hasScannedForEncodings = 0;
			knownRegions = (
				en,
				Base,
			);
			mainGroup = AA2900D6298909F2004C71E1;
			packageReferences = (
				AA2900F629890A04004C71E1 /* XCRemoteSwiftPackageReference "OpenAISwift" */,
				AA2900FF29896828004C71E1 /* XCRemoteSwiftPackageReference "ProgressHUD" */,
			);
			productRefGroup = AA2900E0298909F2004C71E1 /* Products */;
			projectDirPath = "";
			projectRoot = "";
			targets = (
				AA2900DE298909F2004C71E1 /* openAiChat */,
			);
		};
/* End PBXProject section */

/* Begin PBXResourcesBuildPhase section */
		AA2900DD298909F2004C71E1 /* Resources */ = {
			isa = PBXResourcesBuildPhase;
			buildActionMask = 2147483647;
			files = (
				AA2900EF298909F6004C71E1 /* LaunchScreen.storyboard in Resources */,
				AA2900EC298909F6004C71E1 /* Assets.xcassets in Resources */,
				AA2900EA298909F2004C71E1 /* Main.storyboard in Resources */,
			);
			runOnlyForDeploymentPostprocessing = 0;
		};
/* End PBXResourcesBuildPhase section */

/* Begin PBXSourcesBuildPhase section */
		AA2900DB298909F2004C71E1 /* Sources */ = {
			isa = PBXSourcesBuildPhase;
			buildActionMask = 2147483647;
			files = (
				AA2900E7298909F2004C71E1 /* ViewController.swift in Sources */,
				AA2900E3298909F2004C71E1 /* AppDelegate.swift in Sources */,
				AA2900E5298909F2004C71E1 /* SceneDelegate.swift in Sources */,
				AA2900FC29890D0C004C71E1 /* AIViewModel.swift in Sources */,
				AAE04864298F81B200BC5648 /* Conversation.swift in Sources */,
				AA2900FA29890A13004C71E1 /* APICaller.swift in Sources */,
				AA2900FE29890D28004C71E1 /* LiveData.swift in Sources */,
			);
			runOnlyForDeploymentPostprocessing = 0;
		};
/* End PBXSourcesBuildPhase section */

/* Begin PBXVariantGroup section */
		AA2900E8298909F2004C71E1 /* Main.storyboard */ = {
			isa = PBXVariantGroup;
			children = (
				AA2900E9298909F2004C71E1 /* Base */,
			);
			name = Main.storyboard;
			sourceTree = "<group>";
		};
		AA2900ED298909F6004C71E1 /* LaunchScreen.storyboard */ = {
			isa = PBXVariantGroup;
			children = (
				AA2900EE298909F6004C71E1 /* Base */,
			);
			name = LaunchScreen.storyboard;
			sourceTree = "<group>";
		};
/* End PBXVariantGroup section */

/* Begin XCBuildConfiguration section */
		AA2900F1298909F6004C71E1 /* Debug */ = {
			isa = XCBuildConfiguration;
			buildSettings = {
				ALWAYS_SEARCH_USER_PATHS = NO;
				CLANG_ANALYZER_NONNULL = YES;
				CLANG_ANALYZER_NUMBER_OBJECT_CONVERSION = YES_AGGRESSIVE;
				CLANG_CXX_LANGUAGE_STANDARD = "gnu++20";
				CLANG_ENABLE_MODULES = YES;
				CLANG_ENABLE_OBJC_ARC = YES;
				CLANG_ENABLE_OBJC_WEAK = YES;
				CLANG_WARN_BLOCK_CAPTURE_AUTORELEASING = YES;
				CLANG_WARN_BOOL_CONVERSION = YES;
				CLANG_WARN_COMMA = YES;
				CLANG_WARN_CONSTANT_CONVERSION = YES;
				CLANG_WARN_DEPRECATED_OBJC_IMPLEMENTATIONS = YES;
				CLANG_WARN_DIRECT_OBJC_ISA_USAGE = YES_ERROR;
				CLANG_WARN_DOCUMENTATION_COMMENTS = YES;
				CLANG_WARN_EMPTY_BODY = YES;
				CLANG_WARN_ENUM_CONVERSION = YES;
				CLANG_WARN_INFINITE_RECURSION = YES;
				CLANG_WARN_INT_CONVERSION = YES;
				CLANG_WARN_NON_LITERAL_NULL_CONVERSION = YES;
				CLANG_WARN_OBJC_IMPLICIT_RETAIN_SELF = YES;
				CLANG_WARN_OBJC_LITERAL_CONVERSION = YES;
				CLANG_WARN_OBJC_ROOT_CLASS = YES_ERROR;
				CLANG_WARN_QUOTED_INCLUDE_IN_FRAMEWORK_HEADER = YES;
				CLANG_WARN_RANGE_LOOP_ANALYSIS = YES;
				CLANG_WARN_STRICT_PROTOTYPES = YES;
				CLANG_WARN_SUSPICIOUS_MOVE = YES;
				CLANG_WARN_UNGUARDED_AVAILABILITY = YES_AGGRESSIVE;
				CLANG_WARN_UNREACHABLE_CODE = YES;
				CLANG_WARN__DUPLICATE_METHOD_MATCH = YES;
				COPY_PHASE_STRIP = NO;
				DEBUG_INFORMATION_FORMAT = dwarf;
				ENABLE_STRICT_OBJC_MSGSEND = YES;
				ENABLE_TESTABILITY = YES;
				GCC_C_LANGUAGE_STANDARD = gnu11;
				GCC_DYNAMIC_NO_PIC = NO;
				GCC_NO_COMMON_BLOCKS = YES;
				GCC_OPTIMIZATION_LEVEL = 0;
				GCC_PREPROCESSOR_DEFINITIONS = (
					"DEBUG=1",
					"$(inherited)",
				);
				GCC_WARN_64_TO_32_BIT_CONVERSION = YES;
				GCC_WARN_ABOUT_RETURN_TYPE = YES_ERROR;
				GCC_WARN_UNDECLARED_SELECTOR = YES;
				GCC_WARN_UNINITIALIZED_AUTOS = YES_AGGRESSIVE;
				GCC_WARN_UNUSED_FUNCTION = YES;
				GCC_WARN_UNUSED_VARIABLE = YES;
				IPHONEOS_DEPLOYMENT_TARGET = 16.1;
				MTL_ENABLE_DEBUG_INFO = INCLUDE_SOURCE;
				MTL_FAST_MATH = YES;
				ONLY_ACTIVE_ARCH = YES;
				SDKROOT = iphoneos;
				SWIFT_ACTIVE_COMPILATION_CONDITIONS = DEBUG;
				SWIFT_OPTIMIZATION_LEVEL = "-Onone";
			};
			name = Debug;
		};
		AA2900F2298909F6004C71E1 /* Release */ = {
			isa = XCBuildConfiguration;
			buildSettings = {
				ALWAYS_SEARCH_USER_PATHS = NO;
				CLANG_ANALYZER_NONNULL = YES;
				CLANG_ANALYZER_NUMBER_OBJECT_CONVERSION = YES_AGGRESSIVE;
				CLANG_CXX_LANGUAGE_STANDARD = "gnu++20";
				CLANG_ENABLE_MODULES = YES;
				CLANG_ENABLE_OBJC_ARC = YES;
				CLANG_ENABLE_OBJC_WEAK = YES;
				CLANG_WARN_BLOCK_CAPTURE_AUTORELEASING = YES;
				CLANG_WARN_BOOL_CONVERSION = YES;
				CLANG_WARN_COMMA = YES;
				CLANG_WARN_CONSTANT_CONVERSION = YES;
				CLANG_WARN_DEPRECATED_OBJC_IMPLEMENTATIONS = YES;
				CLANG_WARN_DIRECT_OBJC_ISA_USAGE = YES_ERROR;
				CLANG_WARN_DOCUMENTATION_COMMENTS = YES;
				CLANG_WARN_EMPTY_BODY = YES;
				CLANG_WARN_ENUM_CONVERSION = YES;
				CLANG_WARN_INFINITE_RECURSION = YES;
				CLANG_WARN_INT_CONVERSION = YES;
				CLANG_WARN_NON_LITERAL_NULL_CONVERSION = YES;
				CLANG_WARN_OBJC_IMPLICIT_RETAIN_SELF = YES;
				CLANG_WARN_OBJC_LITERAL_CONVERSION = YES;
				CLANG_WARN_OBJC_ROOT_CLASS = YES_ERROR;
				CLANG_WARN_QUOTED_INCLUDE_IN_FRAMEWORK_HEADER = YES;
				CLANG_WARN_RANGE_LOOP_ANALYSIS = YES;
				CLANG_WARN_STRICT_PROTOTYPES = YES;
				CLANG_WARN_SUSPICIOUS_MOVE = YES;
				CLANG_WARN_UNGUARDED_AVAILABILITY = YES_AGGRESSIVE;
				CLANG_WARN_UNREACHABLE_CODE = YES;
				CLANG_WARN__DUPLICATE_METHOD_MATCH = YES;
				COPY_PHASE_STRIP = NO;
				DEBUG_INFORMATION_FORMAT = "dwarf-with-dsym";
				ENABLE_NS_ASSERTIONS = NO;
				ENABLE_STRICT_OBJC_MSGSEND = YES;
				GCC_C_LANGUAGE_STANDARD = gnu11;
				GCC_NO_COMMON_BLOCKS = YES;
				GCC_WARN_64_TO_32_BIT_CONVERSION = YES;
				GCC_WARN_ABOUT_RETURN_TYPE = YES_ERROR;
				GCC_WARN_UNDECLARED_SELECTOR = YES;
				GCC_WARN_UNINITIALIZED_AUTOS = YES_AGGRESSIVE;
				GCC_WARN_UNUSED_FUNCTION = YES;
				GCC_WARN_UNUSED_VARIABLE = YES;
				IPHONEOS_DEPLOYMENT_TARGET = 16.1;
				MTL_ENABLE_DEBUG_INFO = NO;
				MTL_FAST_MATH = YES;
				SDKROOT = iphoneos;
				SWIFT_COMPILATION_MODE = wholemodule;
				SWIFT_OPTIMIZATION_LEVEL = "-O";
				VALIDATE_PRODUCT = YES;
			};
			name = Release;
		};
		AA2900F4298909F6004C71E1 /* Debug */ = {
			isa = XCBuildConfiguration;
			buildSettings = {
				ASSETCATALOG_COMPILER_APPICON_NAME = AppIcon;
				ASSETCATALOG_COMPILER_GLOBAL_ACCENT_COLOR_NAME = AccentColor;
				CODE_SIGN_STYLE = Automatic;
				CURRENT_PROJECT_VERSION = 1;
				DEVELOPMENT_TEAM = JGBAS79AJ4;
				GENERATE_INFOPLIST_FILE = YES;
				INFOPLIST_FILE = openAiChat/Info.plist;
				INFOPLIST_KEY_UIApplicationSupportsIndirectInputEvents = YES;
				INFOPLIST_KEY_UILaunchStoryboardName = LaunchScreen;
				INFOPLIST_KEY_UIMainStoryboardFile = Main;
				INFOPLIST_KEY_UISupportedInterfaceOrientations_iPad = "UIInterfaceOrientationPortrait UIInterfaceOrientationPortraitUpsideDown UIInterfaceOrientationLandscapeLeft UIInterfaceOrientationLandscapeRight";
				INFOPLIST_KEY_UISupportedInterfaceOrientations_iPhone = "UIInterfaceOrientationPortrait UIInterfaceOrientationLandscapeLeft UIInterfaceOrientationLandscapeRight";
				LD_RUNPATH_SEARCH_PATHS = (
					"$(inherited)",
					"@executable_path/Frameworks",
				);
				MARKETING_VERSION = 1.0;
				PRODUCT_BUNDLE_IDENTIFIER = com.playplay.openAiChat;
				PRODUCT_NAME = "$(TARGET_NAME)";
				SWIFT_EMIT_LOC_STRINGS = YES;
				SWIFT_VERSION = 5.0;
				TARGETED_DEVICE_FAMILY = "1,2";
			};
			name = Debug;
		};
		AA2900F5298909F6004C71E1 /* Release */ = {
			isa = XCBuildConfiguration;
			buildSettings = {
				ASSETCATALOG_COMPILER_APPICON_NAME = AppIcon;
				ASSETCATALOG_COMPILER_GLOBAL_ACCENT_COLOR_NAME = AccentColor;
				CODE_SIGN_STYLE = Automatic;
				CURRENT_PROJECT_VERSION = 1;
				DEVELOPMENT_TEAM = JGBAS79AJ4;
				GENERATE_INFOPLIST_FILE = YES;
				INFOPLIST_FILE = openAiChat/Info.plist;
				INFOPLIST_KEY_UIApplicationSupportsIndirectInputEvents = YES;
				INFOPLIST_KEY_UILaunchStoryboardName = LaunchScreen;
				INFOPLIST_KEY_UIMainStoryboardFile = Main;
				INFOPLIST_KEY_UISupportedInterfaceOrientations_iPad = "UIInterfaceOrientationPortrait UIInterfaceOrientationPortraitUpsideDown UIInterfaceOrientationLandscapeLeft UIInterfaceOrientationLandscapeRight";
				INFOPLIST_KEY_UISupportedInterfaceOrientations_iPhone = "UIInterfaceOrientationPortrait UIInterfaceOrientationLandscapeLeft UIInterfaceOrientationLandscapeRight";
				LD_RUNPATH_SEARCH_PATHS = (
					"$(inherited)",
					"@executable_path/Frameworks",
				);
				MARKETING_VERSION = 1.0;
				PRODUCT_BUNDLE_IDENTIFIER = com.playplay.openAiChat;
				PRODUCT_NAME = "$(TARGET_NAME)";
				SWIFT_EMIT_LOC_STRINGS = YES;
				SWIFT_VERSION = 5.0;
				TARGETED_DEVICE_FAMILY = "1,2";
			};
			name = Release;
		};
/* End XCBuildConfiguration section */

/* Begin XCConfigurationList section */
		AA2900DA298909F2004C71E1 /* Build configuration list for PBXProject "openAiChat" */ = {
			isa = XCConfigurationList;
			buildConfigurations = (
				AA2900F1298909F6004C71E1 /* Debug */,
				AA2900F2298909F6004C71E1 /* Release */,
			);
			defaultConfigurationIsVisible = 0;
			defaultConfigurationName = Release;
		};
		AA2900F3298909F6004C71E1 /* Build configuration list for PBXNativeTarget "openAiChat" */ = {
			isa = XCConfigurationList;
			buildConfigurations = (
				AA2900F4298909F6004C71E1 /* Debug */,
				AA2900F5298909F6004C71E1 /* Release */,
			);
			defaultConfigurationIsVisible = 0;
			defaultConfigurationName = Release;
		};
/* End XCConfigurationList section */

/* Begin XCRemoteSwiftPackageReference section */
		AA2900F629890A04004C71E1 /* XCRemoteSwiftPackageReference "OpenAISwift" */ = {
			isa = XCRemoteSwiftPackageReference;
			repositoryURL = "https://github.com/adamrushy/OpenAISwift";
			requirement = {
				kind = upToNextMajorVersion;
				minimumVersion = 1.0.0;
			};
		};
		AA2900FF29896828004C71E1 /* XCRemoteSwiftPackageReference "ProgressHUD" */ = {
			isa = XCRemoteSwiftPackageReference;
			repositoryURL = "https://github.com/relatedcode/ProgressHUD";
			requirement = {
				kind = upToNextMajorVersion;
				minimumVersion = 13.0.0;
			};
		};
/* End XCRemoteSwiftPackageReference section */

/* Begin XCSwiftPackageProductDependency section */
		AA2900F729890A04004C71E1 /* OpenAISwift */ = {
			isa = XCSwiftPackageProductDependency;
			package = AA2900F629890A04004C71E1 /* XCRemoteSwiftPackageReference "OpenAISwift" */;
			productName = OpenAISwift;
		};
		AA29010029896828004C71E1 /* ProgressHUD */ = {
			isa = XCSwiftPackageProductDependency;
			package = AA2900FF29896828004C71E1 /* XCRemoteSwiftPackageReference "ProgressHUD" */;
			productName = ProgressHUD;
		};
/* End XCSwiftPackageProductDependency section */
	};
	rootObject = AA2900D7298909F2004C71E1 /* Project object */;
}
